{
    "_readme": [
        "This file locks the dependencies of your project to a known state",
        "Read more about it at http://getcomposer.org/doc/01-basic-usage.md#composer-lock-the-lock-file"
    ],
    "hash": "4e5d08f4b67d2c3a7a4295c23e04e152",
    "packages": [
        {
            "name": "fortawesome/font-awesome",
            "version": "v3.0.3",
            "source": {
                "type": "git",
                "url": "https://github.com/theoreticaLee/Font-Awesome.git",
                "reference": "v3.0.3"
            },
            "dist": {
                "type": "zip",
                "url": "https://api.github.com/repos/theoreticaLee/Font-Awesome/zipball/v3.0.3",
                "reference": "v3.0.3",
                "shasum": ""
            },
            "type": "library",
            "extra": {
                "branch-alias": {
                    "dev-master": "3.0.x-dev"
                }
            },
            "notification-url": "https://packagist.org/downloads/",
            "license": [
                "OFL-1.1"
            ],
            "authors": [
                {
                    "name": "Dave Gandy",
                    "email": "dave@davegandy.com",
                    "role": "Developer"
                }
            ],
            "description": "The iconic font designed for use with Twitter Bootstrap",
            "homepage": "http://fortawesome.github.com/Font-Awesome/",
            "keywords": [
                "bootstrap",
                "css"
            ],
            "time": "2013-02-09 03:29:33"
        },
        {
            "name": "frameworks/ember.js",
            "version": "0.1.3",
            "source": {
                "type": "git",
                "url": "https://github.com/frameworks/ember.js.git",
                "reference": "1.0.0-rc.3"
            },
            "dist": {
                "type": "zip",
                "url": "https://api.github.com/repos/frameworks/ember.js/zipball/1.0.0-rc.3",
                "reference": "1.0.0-rc.3",
                "shasum": ""
            },
            "type": "library",
            "notification-url": "https://packagist.org/downloads/",
            "time": "2013-04-29 04:36:26"
        },
        {
            "name": "frameworks/handlebars.js",
            "version": "0.1.3",
            "source": {
                "type": "git",
                "url": "https://github.com/frameworks/handlebars.js.git",
                "reference": "1.0.0-rc.3"
            },
            "dist": {
                "type": "zip",
                "url": "https://api.github.com/repos/frameworks/handlebars.js/zipball/1.0.0-rc.3",
                "reference": "1.0.0-rc.3",
                "shasum": ""
            },
            "type": "library",
            "notification-url": "https://packagist.org/downloads/",
            "time": "2013-04-29 04:27:04"
        },
        {
            "name": "frameworks/jquery",
            "version": "1.9.1",
            "source": {
                "type": "git",
                "url": "https://github.com/frameworks/jquery.git",
                "reference": "1.9.1"
            },
            "dist": {
                "type": "zip",
                "url": "https://api.github.com/repos/frameworks/jquery/zipball/1.9.1",
                "reference": "1.9.1",
                "shasum": ""
            },
            "type": "library",
            "notification-url": "https://packagist.org/downloads/",
            "license": [
                "MIT"
            ],
            "description": "jQuery JavaScript Library",
            "homepage": "http://jquery.com",
            "time": "2013-04-27 14:39:58"
        },
        {
            "name": "twitter/bootstrap-files",
            "version": "2.3.1",
            "dist": {
                "type": "zip",
                "url": "http://twitter.github.io/bootstrap/assets/bootstrap.zip",
                "reference": null,
                "shasum": null
            },
            "type": "library"
        }
    ],
    "packages-dev": [

    ],
    "aliases": [

    ],
    "minimum-stability": "stable",
    "stability-flags": [

    ],
    "platform": [

    ],
    "platform-dev": [

    ]
}
